
Microsoft Visual Studio Solution File, Format Version 12.00
Project("{FAE04EC0-301F-11D3-BF4B-00C04F79EFBC}") = "Figures", "Figures\Figures.csproj", "{5C7A6749-39FE-4169-B6EA-BCAB43842DC6}"
EndProject
Project("{FAE04EC0-301F-11D3-BF4B-00C04F79EFBC}") = "Figures.Test", "Figures.Test\Figures.Test.csproj", "{1780C5EE-5A57-44C0-9EA9-5AE5BC7DCFC4}"
EndProject
Global
	GlobalSection(SolutionConfigurationPlatforms) = preSolution
		Debug|Any CPU = Debug|Any CPU
		Release|Any CPU = Release|Any CPU
	EndGlobalSection
	GlobalSection(ProjectConfigurationPlatforms) = postSolution
		{5C7A6749-39FE-4169-B6EA-BCAB43842DC6}.Debug|Any CPU.ActiveCfg = Debug|Any CPU
		{5C7A6749-39FE-4169-B6EA-BCAB43842DC6}.Debug|Any CPU.Build.0 = Debug|Any CPU
		{5C7A6749-39FE-4169-B6EA-BCAB43842DC6}.Release|Any CPU.ActiveCfg = Release|Any CPU
		{5C7A6749-39FE-4169-B6EA-BCAB43842DC6}.Release|Any CPU.Build.0 = Release|Any CPU
		{1780C5EE-5A57-44C0-9EA9-5AE5BC7DCFC4}.Debug|Any CPU.ActiveCfg = Debug|Any CPU
		{1780C5EE-5A57-44C0-9EA9-5AE5BC7DCFC4}.Debug|Any CPU.Build.0 = Debug|Any CPU
		{1780C5EE-5A57-44C0-9EA9-5AE5BC7DCFC4}.Release|Any CPU.ActiveCfg = Release|Any CPU
		{1780C5EE-5A57-44C0-9EA9-5AE5BC7DCFC4}.Release|Any CPU.Build.0 = Release|Any CPU
	EndGlobalSection
EndGlobal
